<?xml version="1.0" encoding="utf-8"?>
<Project ToolsVersion="4.0" xmlns="http://schemas.microsoft.com/developer/msbuild/2003">
  <ItemGroup>
    <Filter Include="edit_states">
      <UniqueIdentifier>{44c75b95-8381-4205-bb9c-ff949707452e}</UniqueIdentifier>
    </Filter>
  </ItemGroup>
  <ItemGroup>
    <ClInclude Include="pch.h" />
    <ClInclude Include="Resource.h" />
    <ClInclude Include="targetver.h" />
    <ClInclude Include="Wire.h" />
    <ClInclude Include="Bridge.h" />
    <ClInclude Include="edit_states\edit_state.h">
      <Filter>edit_states</Filter>
    </ClInclude>
    <ClInclude Include="Port.h" />
    <ClInclude Include="simulator.h" />
    <ClInclude Include="BridgeTree.h" />
    <ClInclude Include="PortTree.h" />
    <ClInclude Include="renderable_object.h" />
  </ItemGroup>
  <ItemGroup>
    <ClCompile Include="pch.cpp" />
    <ClCompile Include="ProjectWindow.cpp" />
    <ClCompile Include="project.cpp" />
    <ClCompile Include="edit_area.cpp" />
    <ClCompile Include="simulator.cpp" />
    <ClCompile Include="Wire.cpp" />
    <ClCompile Include="Bridge.cpp" />
    <ClCompile Include="edit_states\CreateBridgeES.cpp">
      <Filter>edit_states</Filter>
    </ClCompile>
    <ClCompile Include="edit_states\MoveBridgesES.cpp">
      <Filter>edit_states</Filter>
    </ClCompile>
    <ClCompile Include="log_window.cpp" />
    <ClCompile Include="Port.cpp" />
    <ClCompile Include="edit_states\MoveWirePointES.cpp">
      <Filter>edit_states</Filter>
    </ClCompile>
    <ClCompile Include="edit_states\CreateWireES.cpp">
      <Filter>edit_states</Filter>
    </ClCompile>
    <ClCompile Include="mst_config_id_editor.cpp" />
    <ClCompile Include="Test.c" />
    <ClCompile Include="edit_states\MovePortES.cpp">
      <Filter>edit_states</Filter>
    </ClCompile>
    <ClCompile Include="edit_states\BeginningDragES.cpp">
      <Filter>edit_states</Filter>
    </ClCompile>
    <ClCompile Include="BridgeTree.cpp" />
    <ClCompile Include="PortTree.cpp" />
    <ClCompile Include="selection.cpp" />
    <ClCompile Include="vlan_window.cpp" />
  </ItemGroup>
  <ItemGroup>
    <ResourceCompile Include="simulator.rc" />
  </ItemGroup>
  <ItemGroup>
    <Image Include="simulator.ico" />
  </ItemGroup>
</Project>