<?xml version="1.0" encoding="utf-8"?>
<Project ToolsVersion="4.0" xmlns="http://schemas.microsoft.com/developer/msbuild/2003">
  <ItemGroup>
    <Filter Include="EditStates">
      <UniqueIdentifier>{44c75b95-8381-4205-bb9c-ff949707452e}</UniqueIdentifier>
    </Filter>
    <Filter Include="Win32">
      <UniqueIdentifier>{6639324b-98b9-4102-a3ee-1dfa81922d14}</UniqueIdentifier>
    </Filter>
  </ItemGroup>
  <ItemGroup>
    <ClInclude Include="pch.h" />
    <ClInclude Include="Resource.h" />
    <ClInclude Include="targetver.h" />
    <ClInclude Include="Wire.h" />
    <ClInclude Include="Bridge.h" />
    <ClInclude Include="EditStates\EditState.h">
      <Filter>EditStates</Filter>
    </ClInclude>
    <ClInclude Include="Port.h" />
    <ClInclude Include="Simulator.h" />
    <ClInclude Include="UtilityFunctions.h" />
    <ClInclude Include="Win32\D2DWindow.h">
      <Filter>Win32</Filter>
    </ClInclude>
    <ClInclude Include="Win32\Win32Defs.h">
      <Filter>Win32</Filter>
    </ClInclude>
    <ClInclude Include="Win32\Window.h">
      <Filter>Win32</Filter>
    </ClInclude>
    <ClInclude Include="Win32\ZoomableWindow.h">
      <Filter>Win32</Filter>
    </ClInclude>
    <ClInclude Include="Win32\EventManager.h">
      <Filter>Win32</Filter>
    </ClInclude>
    <ClInclude Include="PropertyGrid.h" />
    <ClInclude Include="Object.h" />
  </ItemGroup>
  <ItemGroup>
    <ClCompile Include="pch.cpp" />
    <ClCompile Include="ProjectWindow.cpp" />
    <ClCompile Include="Project.cpp" />
    <ClCompile Include="EditArea.cpp" />
    <ClCompile Include="Selection.cpp" />
    <ClCompile Include="Simulator.cpp" />
    <ClCompile Include="Wire.cpp" />
    <ClCompile Include="Bridge.cpp" />
    <ClCompile Include="EditStates\CreateBridgeES.cpp">
      <Filter>EditStates</Filter>
    </ClCompile>
    <ClCompile Include="EditStates\MoveBridgesES.cpp">
      <Filter>EditStates</Filter>
    </ClCompile>
    <ClCompile Include="LogArea.cpp" />
    <ClCompile Include="Port.cpp" />
    <ClCompile Include="UtilityFunctions.cpp" />
    <ClCompile Include="EditStates\MoveWirePointES.cpp">
      <Filter>EditStates</Filter>
    </ClCompile>
    <ClCompile Include="EditStates\CreateWireES.cpp">
      <Filter>EditStates</Filter>
    </ClCompile>
    <ClCompile Include="VlanWindow.cpp" />
    <ClCompile Include="BridgePropsWindow.cpp" />
    <ClCompile Include="MSTConfigIdDialog.cpp" />
    <ClCompile Include="PropsWindow.cpp" />
    <ClCompile Include="Test.c" />
    <ClCompile Include="EditStates\MovePortES.cpp">
      <Filter>EditStates</Filter>
    </ClCompile>
    <ClCompile Include="Win32\D2DWindow.cpp">
      <Filter>Win32</Filter>
    </ClCompile>
    <ClCompile Include="Win32\DockablePanel.cpp">
      <Filter>Win32</Filter>
    </ClCompile>
    <ClCompile Include="Win32\DockContainer.cpp">
      <Filter>Win32</Filter>
    </ClCompile>
    <ClCompile Include="Win32\Window.cpp">
      <Filter>Win32</Filter>
    </ClCompile>
    <ClCompile Include="Win32\ZoomableWindow.cpp">
      <Filter>Win32</Filter>
    </ClCompile>
    <ClCompile Include="EditStates\BeginningDragES.cpp">
      <Filter>EditStates</Filter>
    </ClCompile>
    <ClCompile Include="PropertyGrid.cpp" />
    <ClCompile Include="Object.cpp" />
  </ItemGroup>
  <ItemGroup>
    <ResourceCompile Include="Simulator.rc" />
  </ItemGroup>
  <ItemGroup>
    <Image Include="Simulator.ico" />
  </ItemGroup>
</Project>