<?xml version="1.0" encoding="utf-8"?>
<Project ToolsVersion="4.0" xmlns="http://schemas.microsoft.com/developer/msbuild/2003">
  <ItemGroup>
    <Filter Include="EditStates">
      <UniqueIdentifier>{44c75b95-8381-4205-bb9c-ff949707452e}</UniqueIdentifier>
    </Filter>
  </ItemGroup>
  <ItemGroup>
    <ClInclude Include="pch.h" />
    <ClInclude Include="Resource.h" />
    <ClInclude Include="targetver.h" />
    <ClInclude Include="Wire.h" />
    <ClInclude Include="Bridge.h" />
    <ClInclude Include="EditStates\EditState.h">
      <Filter>EditStates</Filter>
    </ClInclude>
    <ClInclude Include="Port.h" />
    <ClInclude Include="Simulator.h" />
    <ClInclude Include="BridgeTree.h" />
    <ClInclude Include="PortTree.h" />
    <ClInclude Include="renderable_object.h" />
  </ItemGroup>
  <ItemGroup>
    <ClCompile Include="pch.cpp" />
    <ClCompile Include="ProjectWindow.cpp" />
    <ClCompile Include="Project.cpp" />
    <ClCompile Include="EditArea.cpp" />
    <ClCompile Include="Selection.cpp" />
    <ClCompile Include="Simulator.cpp" />
    <ClCompile Include="Wire.cpp" />
    <ClCompile Include="Bridge.cpp" />
    <ClCompile Include="EditStates\CreateBridgeES.cpp">
      <Filter>EditStates</Filter>
    </ClCompile>
    <ClCompile Include="EditStates\MoveBridgesES.cpp">
      <Filter>EditStates</Filter>
    </ClCompile>
    <ClCompile Include="log_window.cpp" />
    <ClCompile Include="Port.cpp" />
    <ClCompile Include="EditStates\MoveWirePointES.cpp">
      <Filter>EditStates</Filter>
    </ClCompile>
    <ClCompile Include="EditStates\CreateWireES.cpp">
      <Filter>EditStates</Filter>
    </ClCompile>
    <ClCompile Include="VlanWindow.cpp" />
    <ClCompile Include="MSTConfigIdDialog.cpp" />
    <ClCompile Include="Test.c" />
    <ClCompile Include="EditStates\MovePortES.cpp">
      <Filter>EditStates</Filter>
    </ClCompile>
    <ClCompile Include="EditStates\BeginningDragES.cpp">
      <Filter>EditStates</Filter>
    </ClCompile>
    <ClCompile Include="BridgeTree.cpp" />
    <ClCompile Include="PropertiesWindow.cpp" />
    <ClCompile Include="PortTree.cpp" />
  </ItemGroup>
  <ItemGroup>
    <ResourceCompile Include="Simulator.rc" />
  </ItemGroup>
  <ItemGroup>
    <Image Include="Simulator.ico" />
  </ItemGroup>
</Project>