<?xml version="1.0" encoding="utf-8"?>
<Project ToolsVersion="4.0" xmlns="http://schemas.microsoft.com/developer/msbuild/2003">
  <ItemGroup>
    <Filter Include="Ribbon">
      <UniqueIdentifier>{9d816b0b-58c5-4e71-a8f8-f93d8265863d}</UniqueIdentifier>
    </Filter>
    <Filter Include="mstp-lib">
      <UniqueIdentifier>{fc04b78a-9460-4c32-8130-a53110b5023f}</UniqueIdentifier>
    </Filter>
    <Filter Include="mstp-lib\802.1Q-2011">
      <UniqueIdentifier>{cfc75957-b41e-4da6-bf54-bb04b411d54e}</UniqueIdentifier>
    </Filter>
  </ItemGroup>
  <ItemGroup>
    <ClInclude Include="pch.h" />
    <ClInclude Include="Ribbon\RibbonIds.h">
      <Filter>Ribbon</Filter>
    </ClInclude>
    <ClInclude Include="ComPtr.h" />
    <ClInclude Include="Win32Defs.h" />
    <ClInclude Include="EventManager.h" />
    <ClInclude Include="SimulatorInterfaces.h" />
    <ClInclude Include="Resource.h" />
    <ClInclude Include="targetver.h" />
    <ClInclude Include="mstp-lib\802.1Q-2011\802_1Q_2011_procedures.h">
      <Filter>mstp-lib\802.1Q-2011</Filter>
    </ClInclude>
    <ClInclude Include="mstp-lib\log.h">
      <Filter>mstp-lib</Filter>
    </ClInclude>
    <ClInclude Include="mstp-lib\hmac_md5.h">
      <Filter>mstp-lib</Filter>
    </ClInclude>
    <ClInclude Include="mstp-lib\bridge.h">
      <Filter>mstp-lib</Filter>
    </ClInclude>
    <ClInclude Include="mstp-lib\bpdu.h">
      <Filter>mstp-lib</Filter>
    </ClInclude>
    <ClInclude Include="mstp-lib\base_types.h">
      <Filter>mstp-lib</Filter>
    </ClInclude>
    <ClInclude Include="mstp-lib\port.h">
      <Filter>mstp-lib</Filter>
    </ClInclude>
    <ClInclude Include="mstp-lib\stp.h">
      <Filter>mstp-lib</Filter>
    </ClInclude>
    <ClInclude Include="D2DWindow.h" />
    <ClInclude Include="ZoomableWindow.h" />
    <ClInclude Include="PhysicalBridge.h" />
  </ItemGroup>
  <ItemGroup>
    <ClCompile Include="pch.cpp" />
    <ClCompile Include="ProjectWindow.cpp" />
    <ClCompile Include="Project.cpp" />
    <ClCompile Include="EventManager.cpp" />
    <ClCompile Include="EditArea.cpp" />
    <ClCompile Include="mstp-lib\802.1Q-2011\802_1Q_2011_SM_PortReceive.cpp">
      <Filter>mstp-lib\802.1Q-2011</Filter>
    </ClCompile>
    <ClCompile Include="mstp-lib\802.1Q-2011\802_1Q_2011_procedures.cpp">
      <Filter>mstp-lib\802.1Q-2011</Filter>
    </ClCompile>
    <ClCompile Include="mstp-lib\802.1Q-2011\802_1Q_2011_SM.cpp">
      <Filter>mstp-lib\802.1Q-2011</Filter>
    </ClCompile>
    <ClCompile Include="mstp-lib\802.1Q-2011\802_1Q_2011_SM_BridgeDetection.cpp">
      <Filter>mstp-lib\802.1Q-2011</Filter>
    </ClCompile>
    <ClCompile Include="mstp-lib\802.1Q-2011\802_1Q_2011_SM_L2GPReceive.cpp">
      <Filter>mstp-lib\802.1Q-2011</Filter>
    </ClCompile>
    <ClCompile Include="mstp-lib\802.1Q-2011\802_1Q_2011_SM_PortInformation.cpp">
      <Filter>mstp-lib\802.1Q-2011</Filter>
    </ClCompile>
    <ClCompile Include="mstp-lib\802.1Q-2011\802_1Q_2011_SM_PortProtocolMigration.cpp">
      <Filter>mstp-lib\802.1Q-2011</Filter>
    </ClCompile>
    <ClCompile Include="mstp-lib\802.1Q-2011\802_1Q_2011_SM_PortRoleSelection.cpp">
      <Filter>mstp-lib\802.1Q-2011</Filter>
    </ClCompile>
    <ClCompile Include="mstp-lib\802.1Q-2011\802_1Q_2011_SM_PortRoleTransitions.cpp">
      <Filter>mstp-lib\802.1Q-2011</Filter>
    </ClCompile>
    <ClCompile Include="mstp-lib\802.1Q-2011\802_1Q_2011_SM_PortStateTransition.cpp">
      <Filter>mstp-lib\802.1Q-2011</Filter>
    </ClCompile>
    <ClCompile Include="mstp-lib\802.1Q-2011\802_1Q_2011_SM_PortTimers.cpp">
      <Filter>mstp-lib\802.1Q-2011</Filter>
    </ClCompile>
    <ClCompile Include="mstp-lib\802.1Q-2011\802_1Q_2011_SM_PortTransmit.cpp">
      <Filter>mstp-lib\802.1Q-2011</Filter>
    </ClCompile>
    <ClCompile Include="mstp-lib\802.1Q-2011\802_1Q_2011_SM_TopologyChange.cpp">
      <Filter>mstp-lib\802.1Q-2011</Filter>
    </ClCompile>
    <ClCompile Include="mstp-lib\log.cpp">
      <Filter>mstp-lib</Filter>
    </ClCompile>
    <ClCompile Include="mstp-lib\hmac_md5.cpp">
      <Filter>mstp-lib</Filter>
    </ClCompile>
    <ClCompile Include="mstp-lib\bpdu.cpp">
      <Filter>mstp-lib</Filter>
    </ClCompile>
    <ClCompile Include="mstp-lib\base_types.cpp">
      <Filter>mstp-lib</Filter>
    </ClCompile>
    <ClCompile Include="mstp-lib\stp.cpp">
      <Filter>mstp-lib</Filter>
    </ClCompile>
    <ClCompile Include="D2DWindow.cpp" />
    <ClCompile Include="ZoomableWindow.cpp" />
    <ClCompile Include="Selection.cpp" />
    <ClCompile Include="PhysicalBridge.cpp" />
    <ClCompile Include="Simulator.cpp" />
  </ItemGroup>
  <ItemGroup>
    <ResourceCompile Include="Ribbon\RibbonRes.rc">
      <Filter>Ribbon</Filter>
    </ResourceCompile>
    <ResourceCompile Include="Simulator.rc" />
  </ItemGroup>
  <ItemGroup>
    <CustomBuild Include="Ribbon\Ribbon.xml">
      <Filter>Ribbon</Filter>
    </CustomBuild>
  </ItemGroup>
  <ItemGroup>
    <Image Include="Simulator.ico" />
  </ItemGroup>
</Project>