<?xml version="1.0" encoding="utf-8"?>
<Project ToolsVersion="4.0" xmlns="http://schemas.microsoft.com/developer/msbuild/2003">
  <ItemGroup>
    <ClInclude Include="events.h" />
    <ClInclude Include="object.h" />
    <ClInclude Include="assert.h" />
    <ClInclude Include="win32\com_ptr.h">
      <Filter>win32</Filter>
    </ClInclude>
    <ClInclude Include="win32\d2d_window.h">
      <Filter>win32</Filter>
    </ClInclude>
    <ClInclude Include="win32\property_grid.h">
      <Filter>win32</Filter>
    </ClInclude>
    <ClInclude Include="win32\property_grid_items.h">
      <Filter>win32</Filter>
    </ClInclude>
    <ClInclude Include="win32\targetver.h">
      <Filter>win32</Filter>
    </ClInclude>
    <ClInclude Include="win32\text_editor.h">
      <Filter>win32</Filter>
    </ClInclude>
    <ClInclude Include="win32\transform.h">
      <Filter>win32</Filter>
    </ClInclude>
    <ClInclude Include="win32\utility_functions.h">
      <Filter>win32</Filter>
    </ClInclude>
    <ClInclude Include="win32\win32_lib.h">
      <Filter>win32</Filter>
    </ClInclude>
    <ClInclude Include="win32\window.h">
      <Filter>win32</Filter>
    </ClInclude>
    <ClInclude Include="win32\zoomable_window.h">
      <Filter>win32</Filter>
    </ClInclude>
    <ClInclude Include="win32\pch.h">
      <Filter>win32</Filter>
    </ClInclude>
    <ClInclude Include="win32\xml_serializer.h" />
    <ClInclude Include="reflection.h" />
    <ClInclude Include="span.hpp" />
  </ItemGroup>
  <ItemGroup>
    <ClCompile Include="object.cpp" />
    <ClCompile Include="win32\d2d_window.cpp">
      <Filter>win32</Filter>
    </ClCompile>
    <ClCompile Include="win32\property_grid.cpp">
      <Filter>win32</Filter>
    </ClCompile>
    <ClCompile Include="win32\property_grid_items.cpp">
      <Filter>win32</Filter>
    </ClCompile>
    <ClCompile Include="win32\text_editor.cpp">
      <Filter>win32</Filter>
    </ClCompile>
    <ClCompile Include="win32\utility_functions.cpp">
      <Filter>win32</Filter>
    </ClCompile>
    <ClCompile Include="win32\window.cpp">
      <Filter>win32</Filter>
    </ClCompile>
    <ClCompile Include="win32\zoomable_window.cpp">
      <Filter>win32</Filter>
    </ClCompile>
    <ClCompile Include="win32\assert.cpp">
      <Filter>win32</Filter>
    </ClCompile>
    <ClCompile Include="win32\win32_lib.cpp">
      <Filter>win32</Filter>
    </ClCompile>
    <ClCompile Include="win32\pch.cpp">
      <Filter>win32</Filter>
    </ClCompile>
    <ClCompile Include="win32\xml_serializer.cpp" />
    <ClCompile Include="reflection.cpp" />
  </ItemGroup>
  <ItemGroup>
    <Filter Include="win32">
      <UniqueIdentifier>{ba74f75b-3911-400c-88f4-8f21798a0d65}</UniqueIdentifier>
    </Filter>
  </ItemGroup>
</Project>